{
  "name": "waifu-webhook",
  "version": "1.0.0",
  "lockfileVersion": 1,
  "requires": true,
  "dependencies": {
    "snekfetch": {
      "version": "3.6.4",
      "resolved": "https://registry.npmjs.org/snekfetch/-/snekfetch-3.6.4.tgz",
      "integrity": "sha512-NjxjITIj04Ffqid5lqr7XdgwM7X61c/Dns073Ly170bPQHLm6jkmelye/eglS++1nfTWktpP6Y2bFXjdPlQqdw=="
    },
    "webhook-discord": {
      "version": "3.7.7",
      "resolved": "https://registry.npmjs.org/webhook-discord/-/webhook-discord-3.7.7.tgz",
      "integrity": "sha512-qlEucVfun4ZzIhIJGQt8g9ytlSMpnaXiZeOiJCuuGUSSnkmBW5oFFcJHxN0KzC3VgUI0Brkl/i5X0Wf/ljKVXQ==",
      "requires": {
        "snekfetch": "^3.6.4"
      }
    }
  }
}
